
Microsoft Visual Studio Solution File, Format Version 12.00
# Visual Studio Version 16
VisualStudioVersion = 25.0.1706.1
MinimumVisualStudioVersion = 10.0.40219.1
Project("{FAE04EC0-301F-11D3-BF4B-00C04F79EFBC}") = "wordFrequency", "wordFrequency.csproj", "{E8795B0C-EFDE-4382-80C1-038D2123D097}"
EndProject
Global
	GlobalSection(SolutionConfigurationPlatforms) = preSolution
		Debug|Any CPU = Debug|Any CPU
		Release|Any CPU = Release|Any CPU
	EndGlobalSection
	GlobalSection(ProjectConfigurationPlatforms) = postSolution
		{E8795B0C-EFDE-4382-80C1-038D2123D097}.Debug|Any CPU.ActiveCfg = Debug|Any CPU
		{E8795B0C-EFDE-4382-80C1-038D2123D097}.Debug|Any CPU.Build.0 = Debug|Any CPU
		{E8795B0C-EFDE-4382-80C1-038D2123D097}.Release|Any CPU.ActiveCfg = Release|Any CPU
		{E8795B0C-EFDE-4382-80C1-038D2123D097}.Release|Any CPU.Build.0 = Release|Any CPU
	EndGlobalSection
	GlobalSection(SolutionProperties) = preSolution
		HideSolutionNode = FALSE
	EndGlobalSection
	GlobalSection(ExtensibilityGlobals) = postSolution
		SolutionGuid = {656FCB55-B7E4-44D2-8AD6-E1F104F550F9}
	EndGlobalSection
EndGlobal
